github.com/drummonds/gotreesitter v0.6.1 h1:HVzz9G3B87+SFnscmBqacm8lhSHSqax0S/z0FOJXFog=
github.com/drummonds/gotreesitter v0.6.1/go.mod h1:M++B9cQI0dFwaD6J17UQFNO23BrP9lH2HD4NhY7NofU=
github.com/nulab/autog v0.11.0 h1:1w8BNrUisUKH+bp2C2rA8ITOhjhOfhXUaWDgUrh8DeU=
github.com/nulab/autog v0.11.0/go.mod h1:TpDSpSHSnYARdruVLdlNEwLS8jknWb224gLBfAFqr/8=
